// !$*UTF8*$!
{
	archiveVersion = 1;
	classes = {
	};
	objectVersion = 56;
	objects = {

/* Begin PBXBuildFile section */
		887FA5752B500C0A00A58A7D /* AppDelegate.swift in Sources */ = {isa = PBXBuildFile; fileRef = 887FA5742B500C0A00A58A7D /* AppDelegate.swift */; };
		887FA5772B500C0A00A58A7D /* SceneDelegate.swift in Sources */ = {isa = PBXBuildFile; fileRef = 887FA5762B500C0A00A58A7D /* SceneDelegate.swift */; };
		887FA5792B500C0A00A58A7D /* ViewController.swift in Sources */ = {isa = PBXBuildFile; fileRef = 887FA5782B500C0A00A58A7D /* ViewController.swift */; };
		887FA57C2B500C0A00A58A7D /* Main.storyboard in Resources */ = {isa = PBXBuildFile; fileRef = 887FA57A2B500C0A00A58A7D /* Main.storyboard */; };
		887FA57E2B500C0D00A58A7D /* Assets.xcassets in Resources */ = {isa = PBXBuildFile; fileRef = 887FA57D2B500C0D00A58A7D /* Assets.xcassets */; };
		887FA5812B500C0D00A58A7D /* LaunchScreen.storyboard in Resources */ = {isa = PBXBuildFile; fileRef = 887FA57F2B500C0D00A58A7D /* LaunchScreen.storyboard */; };
		887FA58C2B500C0E00A58A7D /* IamPoorTests.swift in Sources */ = {isa = PBXBuildFile; fileRef = 887FA58B2B500C0E00A58A7D /* IamPoorTests.swift */; };
		887FA5962B500C0E00A58A7D /* IamPoorUITests.swift in Sources */ = {isa = PBXBuildFile; fileRef = 887FA5952B500C0E00A58A7D /* IamPoorUITests.swift */; };
		887FA5982B500C0E00A58A7D /* IamPoorUITestsLaunchTests.swift in Sources */ = {isa = PBXBuildFile; fileRef = 887FA5972B500C0E00A58A7D /* IamPoorUITestsLaunchTests.swift */; };
/* End PBXBuildFile section */

/* Begin PBXContainerItemProxy section */
		887FA5882B500C0E00A58A7D /* PBXContainerItemProxy */ = {
			isa = PBXContainerItemProxy;
			containerPortal = 887FA5692B500C0A00A58A7D /* Project object */;
			proxyType = 1;
			remoteGlobalIDString = 887FA5702B500C0A00A58A7D;
			remoteInfo = IamPoor;
		};
		887FA5922B500C0E00A58A7D /* PBXContainerItemProxy */ = {
			isa = PBXContainerItemProxy;
			containerPortal = 887FA5692B500C0A00A58A7D /* Project object */;
			proxyType = 1;
			remoteGlobalIDString = 887FA5702B500C0A00A58A7D;
			remoteInfo = IamPoor;
		};
/* End PBXContainerItemProxy section */

/* Begin PBXFileReference section */
		887FA5712B500C0A00A58A7D /* IamPoor.app */ = {isa = PBXFileReference; explicitFileType = wrapper.application; includeInIndex = 0; path = IamPoor.app; sourceTree = BUILT_PRODUCTS_DIR; };
		887FA5742B500C0A00A58A7D /* AppDelegate.swift */ = {isa = PBXFileReference; lastKnownFileType = sourcecode.swift; path = AppDelegate.swift; sourceTree = "<group>"; };
		887FA5762B500C0A00A58A7D /* SceneDelegate.swift */ = {isa = PBXFileReference; lastKnownFileType = sourcecode.swift; path = SceneDelegate.swift; sourceTree = "<group>"; };
		887FA5782B500C0A00A58A7D /* ViewController.swift */ = {isa = PBXFileReference; lastKnownFileType = sourcecode.swift; path = ViewController.swift; sourceTree = "<group>"; };
		887FA57B2B500C0A00A58A7D /* Base */ = {isa = PBXFileReference; lastKnownFileType = file.storyboard; name = Base; path = Base.lproj/Main.storyboard; sourceTree = "<group>"; };
		887FA57D2B500C0D00A58A7D /* Assets.xcassets */ = {isa = PBXFileReference; lastKnownFileType = folder.assetcatalog; path = Assets.xcassets; sourceTree = "<group>"; };
		887FA5802B500C0D00A58A7D /* Base */ = {isa = PBXFileReference; lastKnownFileType = file.storyboard; name = Base; path = Base.lproj/LaunchScreen.storyboard; sourceTree = "<group>"; };
		887FA5822B500C0D00A58A7D /* Info.plist */ = {isa = PBXFileReference; lastKnownFileType = text.plist.xml; path = Info.plist; sourceTree = "<group>"; };
		887FA5872B500C0E00A58A7D /* IamPoorTests.xctest */ = {isa = PBXFileReference; explicitFileType = wrapper.cfbundle; includeInIndex = 0; path = IamPoorTests.xctest; sourceTree = BUILT_PRODUCTS_DIR; };
		887FA58B2B500C0E00A58A7D /* IamPoorTests.swift */ = {isa = PBXFileReference; lastKnownFileType = sourcecode.swift; path = IamPoorTests.swift; sourceTree = "<group>"; };
		887FA5912B500C0E00A58A7D /* IamPoorUITests.xctest */ = {isa = PBXFileReference; explicitFileType = wrapper.cfbundle; includeInIndex = 0; path = IamPoorUITests.xctest; sourceTree = BUILT_PRODUCTS_DIR; };
		887FA5952B500C0E00A58A7D /* IamPoorUITests.swift */ = {isa = PBXFileReference; lastKnownFileType = sourcecode.swift; path = IamPoorUITests.swift; sourceTree = "<group>"; };
		887FA5972B500C0E00A58A7D /* IamPoorUITestsLaunchTests.swift */ = {isa = PBXFileReference; lastKnownFileType = sourcecode.swift; path = IamPoorUITestsLaunchTests.swift; sourceTree = "<group>"; };
/* End PBXFileReference section */

/* Begin PBXFrameworksBuildPhase section */
		887FA56E2B500C0A00A58A7D /* Frameworks */ = {
			isa = PBXFrameworksBuildPhase;
			buildActionMask = 2147483647;
			files = (
			);
			runOnlyForDeploymentPostprocessing = 0;
		};
		887FA5842B500C0E00A58A7D /* Frameworks */ = {
			isa = PBXFrameworksBuildPhase;
			buildActionMask = 2147483647;
			files = (
			);
			runOnlyForDeploymentPostprocessing = 0;
		};
		887FA58E2B500C0E00A58A7D /* Frameworks */ = {
			isa = PBXFrameworksBuildPhase;
			buildActionMask = 2147483647;
			files = (
			);
			runOnlyForDeploymentPostprocessing = 0;
		};
/* End PBXFrameworksBuildPhase section */

/* Begin PBXGroup section */
		887FA5682B500C0A00A58A7D = {
			isa = PBXGroup;
			children = (
				887FA5732B500C0A00A58A7D /* IamPoor */,
				887FA58A2B500C0E00A58A7D /* IamPoorTests */,
				887FA5942B500C0E00A58A7D /* IamPoorUITests */,
				887FA5722B500C0A00A58A7D /* Products */,
			);
			sourceTree = "<group>";
		};
		887FA5722B500C0A00A58A7D /* Products */ = {
			isa = PBXGroup;
			children = (
				887FA5712B500C0A00A58A7D /* IamPoor.app */,
				887FA5872B500C0E00A58A7D /* IamPoorTests.xctest */,
				887FA5912B500C0E00A58A7D /* IamPoorUITests.xctest */,
			);
			name = Products;
			sourceTree = "<group>";
		};
		887FA5732B500C0A00A58A7D /* IamPoor */ = {
			isa = PBXGroup;
			children = (
				887FA5742B500C0A00A58A7D /* AppDelegate.swift */,
				887FA5762B500C0A00A58A7D /* SceneDelegate.swift */,
				887FA5782B500C0A00A58A7D /* ViewController.swift */,
				887FA57A2B500C0A00A58A7D /* Main.storyboard */,
				887FA57D2B500C0D00A58A7D /* Assets.xcassets */,
				887FA57F2B500C0D00A58A7D /* LaunchScreen.storyboard */,
				887FA5822B500C0D00A58A7D /* Info.plist */,
			);
			path = IamPoor;
			sourceTree = "<group>";
		};
		887FA58A2B500C0E00A58A7D /* IamPoorTests */ = {
			isa = PBXGroup;
			children = (
				887FA58B2B500C0E00A58A7D /* IamPoorTests.swift */,
			);
			path = IamPoorTests;
			sourceTree = "<group>";
		};
		887FA5942B500C0E00A58A7D /* IamPoorUITests */ = {
			isa = PBXGroup;
			children = (
				887FA5952B500C0E00A58A7D /* IamPoorUITests.swift */,
				887FA5972B500C0E00A58A7D /* IamPoorUITestsLaunchTests.swift */,
			);
			path = IamPoorUITests;
			sourceTree = "<group>";
		};
/* End PBXGroup section */

/* Begin PBXNativeTarget section */
		887FA5702B500C0A00A58A7D /* IamPoor */ = {
			isa = PBXNativeTarget;
			buildConfigurationList = 887FA59B2B500C0E00A58A7D /* Build configuration list for PBXNativeTarget "IamPoor" */;
			buildPhases = (
				887FA56D2B500C0A00A58A7D /* Sources */,
				887FA56E2B500C0A00A58A7D /* Frameworks */,
				887FA56F2B500C0A00A58A7D /* Resources */,
			);
			buildRules = (
			);
			dependencies = (
			);
			name = IamPoor;
			productName = IamPoor;
			productReference = 887FA5712B500C0A00A58A7D /* IamPoor.app */;
			productType = "com.apple.product-type.application";
		};
		887FA5862B500C0E00A58A7D /* IamPoorTests */ = {
			isa = PBXNativeTarget;
			buildConfigurationList = 887FA59E2B500C0E00A58A7D /* Build configuration list for PBXNativeTarget "IamPoorTests" */;
			buildPhases = (
				887FA5832B500C0E00A58A7D /* Sources */,
				887FA5842B500C0E00A58A7D /* Frameworks */,
				887FA5852B500C0E00A58A7D /* Resources */,
			);
			buildRules = (
			);
			dependencies = (
				887FA5892B500C0E00A58A7D /* PBXTargetDependency */,
			);
			name = IamPoorTests;
			productName = IamPoorTests;
			productReference = 887FA5872B500C0E00A58A7D /* IamPoorTests.xctest */;
			productType = "com.apple.product-type.bundle.unit-test";
		};
		887FA5902B500C0E00A58A7D /* IamPoorUITests */ = {
			isa = PBXNativeTarget;
			buildConfigurationList = 887FA5A12B500C0E00A58A7D /* Build configuration list for PBXNativeTarget "IamPoorUITests" */;
			buildPhases = (
				887FA58D2B500C0E00A58A7D /* Sources */,
				887FA58E2B500C0E00A58A7D /* Frameworks */,
				887FA58F2B500C0E00A58A7D /* Resources */,
			);
			buildRules = (
			);
			dependencies = (
				887FA5932B500C0E00A58A7D /* PBXTargetDependency */,
			);
			name = IamPoorUITests;
			productName = IamPoorUITests;
			productReference = 887FA5912B500C0E00A58A7D /* IamPoorUITests.xctest */;
			productType = "com.apple.product-type.bundle.ui-testing";
		};
/* End PBXNativeTarget section */

/* Begin PBXProject section */
		887FA5692B500C0A00A58A7D /* Project object */ = {
			isa = PBXProject;
			attributes = {
				BuildIndependentTargetsInParallel = 1;
				LastSwiftUpdateCheck = 1500;
				LastUpgradeCheck = 1500;
				TargetAttributes = {
					887FA5702B500C0A00A58A7D = {
						CreatedOnToolsVersion = 15.0;
					};
					887FA5862B500C0E00A58A7D = {
						CreatedOnToolsVersion = 15.0;
						TestTargetID = 887FA5702B500C0A00A58A7D;
					};
					887FA5902B500C0E00A58A7D = {
						CreatedOnToolsVersion = 15.0;
						TestTargetID = 887FA5702B500C0A00A58A7D;
					};
				};
			};
			buildConfigurationList = 887FA56C2B500C0A00A58A7D /* Build configuration list for PBXProject "IamPoor" */;
			compatibilityVersion = "Xcode 14.0";
			developmentRegion = en;
			hasScannedForEncodings = 0;
			knownRegions = (
				en,
				Base,
			);
			mainGroup = 887FA5682B500C0A00A58A7D;
			productRefGroup = 887FA5722B500C0A00A58A7D /* Products */;
			projectDirPath = "";
			projectRoot = "";
			targets = (
				887FA5702B500C0A00A58A7D /* IamPoor */,
				887FA5862B500C0E00A58A7D /* IamPoorTests */,
				887FA5902B500C0E00A58A7D /* IamPoorUITests */,
			);
		};
/* End PBXProject section */

/* Begin PBXResourcesBuildPhase section */
		887FA56F2B500C0A00A58A7D /* Resources */ = {
			isa = PBXResourcesBuildPhase;
			buildActionMask = 2147483647;
			files = (
				887FA5812B500C0D00A58A7D /* LaunchScreen.storyboard in Resources */,
				887FA57E2B500C0D00A58A7D /* Assets.xcassets in Resources */,
				887FA57C2B500C0A00A58A7D /* Main.storyboard in Resources */,
			);
			runOnlyForDeploymentPostprocessing = 0;
		};
		887FA5852B500C0E00A58A7D /* Resources */ = {
			isa = PBXResourcesBuildPhase;
			buildActionMask = 2147483647;
			files = (
			);
			runOnlyForDeploymentPostprocessing = 0;
		};
		887FA58F2B500C0E00A58A7D /* Resources */ = {
			isa = PBXResourcesBuildPhase;
			buildActionMask = 2147483647;
			files = (
			);
			runOnlyForDeploymentPostprocessing = 0;
		};
/* End PBXResourcesBuildPhase section */

/* Begin PBXSourcesBuildPhase section */
		887FA56D2B500C0A00A58A7D /* Sources */ = {
			isa = PBXSourcesBuildPhase;
			buildActionMask = 2147483647;
			files = (
				887FA5792B500C0A00A58A7D /* ViewController.swift in Sources */,
				887FA5752B500C0A00A58A7D /* AppDelegate.swift in Sources */,
				887FA5772B500C0A00A58A7D /* SceneDelegate.swift in Sources */,
			);
			runOnlyForDeploymentPostprocessing = 0;
		};
		887FA5832B500C0E00A58A7D /* Sources */ = {
			isa = PBXSourcesBuildPhase;
			buildActionMask = 2147483647;
			files = (
				887FA58C2B500C0E00A58A7D /* IamPoorTests.swift in Sources */,
			);
			runOnlyForDeploymentPostprocessing = 0;
		};
		887FA58D2B500C0E00A58A7D /* Sources */ = {
			isa = PBXSourcesBuildPhase;
			buildActionMask = 2147483647;
			files = (
				887FA5982B500C0E00A58A7D /* IamPoorUITestsLaunchTests.swift in Sources */,
				887FA5962B500C0E00A58A7D /* IamPoorUITests.swift in Sources */,
			);
			runOnlyForDeploymentPostprocessing = 0;
		};
/* End PBXSourcesBuildPhase section */

/* Begin PBXTargetDependency section */
		887FA5892B500C0E00A58A7D /* PBXTargetDependency */ = {
			isa = PBXTargetDependency;
			target = 887FA5702B500C0A00A58A7D /* IamPoor */;
			targetProxy = 887FA5882B500C0E00A58A7D /* PBXContainerItemProxy */;
		};
		887FA5932B500C0E00A58A7D /* PBXTargetDependency */ = {
			isa = PBXTargetDependency;
			target = 887FA5702B500C0A00A58A7D /* IamPoor */;
			targetProxy = 887FA5922B500C0E00A58A7D /* PBXContainerItemProxy */;
		};
/* End PBXTargetDependency section */

/* Begin PBXVariantGroup section */
		887FA57A2B500C0A00A58A7D /* Main.storyboard */ = {
			isa = PBXVariantGroup;
			children = (
				887FA57B2B500C0A00A58A7D /* Base */,
			);
			name = Main.storyboard;
			sourceTree = "<group>";
		};
		887FA57F2B500C0D00A58A7D /* LaunchScreen.storyboard */ = {
			isa = PBXVariantGroup;
			children = (
				887FA5802B500C0D00A58A7D /* Base */,
			);
			name = LaunchScreen.storyboard;
			sourceTree = "<group>";
		};
/* End PBXVariantGroup section */

/* Begin XCBuildConfiguration section */
		887FA5992B500C0E00A58A7D /* Debug */ = {
			isa = XCBuildConfiguration;
			buildSettings = {
				ALWAYS_SEARCH_USER_PATHS = NO;
				ASSETCATALOG_COMPILER_GENERATE_SWIFT_ASSET_SYMBOL_EXTENSIONS = YES;
				CLANG_ANALYZER_NONNULL = YES;
				CLANG_ANALYZER_NUMBER_OBJECT_CONVERSION = YES_AGGRESSIVE;
				CLANG_CXX_LANGUAGE_STANDARD = "gnu++20";
				CLANG_ENABLE_MODULES = YES;
				CLANG_ENABLE_OBJC_ARC = YES;
				CLANG_ENABLE_OBJC_WEAK = YES;
				CLANG_WARN_BLOCK_CAPTURE_AUTORELEASING = YES;
				CLANG_WARN_BOOL_CONVERSION = YES;
				CLANG_WARN_COMMA = YES;
				CLANG_WARN_CONSTANT_CONVERSION = YES;
				CLANG_WARN_DEPRECATED_OBJC_IMPLEMENTATIONS = YES;
				CLANG_WARN_DIRECT_OBJC_ISA_USAGE = YES_ERROR;
				CLANG_WARN_DOCUMENTATION_COMMENTS = YES;
				CLANG_WARN_EMPTY_BODY = YES;
				CLANG_WARN_ENUM_CONVERSION = YES;
				CLANG_WARN_INFINITE_RECURSION = YES;
				CLANG_WARN_INT_CONVERSION = YES;
				CLANG_WARN_NON_LITERAL_NULL_CONVERSION = YES;
				CLANG_WARN_OBJC_IMPLICIT_RETAIN_SELF = YES;
				CLANG_WARN_OBJC_LITERAL_CONVERSION = YES;
				CLANG_WARN_OBJC_ROOT_CLASS = YES_ERROR;
				CLANG_WARN_QUOTED_INCLUDE_IN_FRAMEWORK_HEADER = YES;
				CLANG_WARN_RANGE_LOOP_ANALYSIS = YES;
				CLANG_WARN_STRICT_PROTOTYPES = YES;
				CLANG_WARN_SUSPICIOUS_MOVE = YES;
				CLANG_WARN_UNGUARDED_AVAILABILITY = YES_AGGRESSIVE;
				CLANG_WARN_UNREACHABLE_CODE = YES;
				CLANG_WARN__DUPLICATE_METHOD_MATCH = YES;
				COPY_PHASE_STRIP = NO;
				DEBUG_INFORMATION_FORMAT = dwarf;
				ENABLE_STRICT_OBJC_MSGSEND = YES;
				ENABLE_TESTABILITY = YES;
				ENABLE_USER_SCRIPT_SANDBOXING = YES;
				GCC_C_LANGUAGE_STANDARD = gnu17;
				GCC_DYNAMIC_NO_PIC = NO;
				GCC_NO_COMMON_BLOCKS = YES;
				GCC_OPTIMIZATION_LEVEL = 0;
				GCC_PREPROCESSOR_DEFINITIONS = (
					"DEBUG=1",
					"$(inherited)",
				);
				GCC_WARN_64_TO_32_BIT_CONVERSION = YES;
				GCC_WARN_ABOUT_RETURN_TYPE = YES_ERROR;
				GCC_WARN_UNDECLARED_SELECTOR = YES;
				GCC_WARN_UNINITIALIZED_AUTOS = YES_AGGRESSIVE;
				GCC_WARN_UNUSED_FUNCTION = YES;
				GCC_WARN_UNUSED_VARIABLE = YES;
				IPHONEOS_DEPLOYMENT_TARGET = 17.0;
				LOCALIZATION_PREFERS_STRING_CATALOGS = YES;
				MTL_ENABLE_DEBUG_INFO = INCLUDE_SOURCE;
				MTL_FAST_MATH = YES;
				ONLY_ACTIVE_ARCH = YES;
				SDKROOT = iphoneos;
				SWIFT_ACTIVE_COMPILATION_CONDITIONS = "DEBUG $(inherited)";
				SWIFT_OPTIMIZATION_LEVEL = "-Onone";
			};
			name = Debug;
		};
		887FA59A2B500C0E00A58A7D /* Release */ = {
			isa = XCBuildConfiguration;
			buildSettings = {
				ALWAYS_SEARCH_USER_PATHS = NO;
				ASSETCATALOG_COMPILER_GENERATE_SWIFT_ASSET_SYMBOL_EXTENSIONS = YES;
				CLANG_ANALYZER_NONNULL = YES;
				CLANG_ANALYZER_NUMBER_OBJECT_CONVERSION = YES_AGGRESSIVE;
				CLANG_CXX_LANGUAGE_STANDARD = "gnu++20";
				CLANG_ENABLE_MODULES = YES;
				CLANG_ENABLE_OBJC_ARC = YES;
				CLANG_ENABLE_OBJC_WEAK = YES;
				CLANG_WARN_BLOCK_CAPTURE_AUTORELEASING = YES;
				CLANG_WARN_BOOL_CONVERSION = YES;
				CLANG_WARN_COMMA = YES;
				CLANG_WARN_CONSTANT_CONVERSION = YES;
				CLANG_WARN_DEPRECATED_OBJC_IMPLEMENTATIONS = YES;
				CLANG_WARN_DIRECT_OBJC_ISA_USAGE = YES_ERROR;
				CLANG_WARN_DOCUMENTATION_COMMENTS = YES;
				CLANG_WARN_EMPTY_BODY = YES;
				CLANG_WARN_ENUM_CONVERSION = YES;
				CLANG_WARN_INFINITE_RECURSION = YES;
				CLANG_WARN_INT_CONVERSION = YES;
				CLANG_WARN_NON_LITERAL_NULL_CONVERSION = YES;
				CLANG_WARN_OBJC_IMPLICIT_RETAIN_SELF = YES;
				CLANG_WARN_OBJC_LITERAL_CONVERSION = YES;
				CLANG_WARN_OBJC_ROOT_CLASS = YES_ERROR;
				CLANG_WARN_QUOTED_INCLUDE_IN_FRAMEWORK_HEADER = YES;
				CLANG_WARN_RANGE_LOOP_ANALYSIS = YES;
				CLANG_WARN_STRICT_PROTOTYPES = YES;
				CLANG_WARN_SUSPICIOUS_MOVE = YES;
				CLANG_WARN_UNGUARDED_AVAILABILITY = YES_AGGRESSIVE;
				CLANG_WARN_UNREACHABLE_CODE = YES;
				CLANG_WARN__DUPLICATE_METHOD_MATCH = YES;
				COPY_PHASE_STRIP = NO;
				DEBUG_INFORMATION_FORMAT = "dwarf-with-dsym";
				ENABLE_NS_ASSERTIONS = NO;
				ENABLE_STRICT_OBJC_MSGSEND = YES;
				ENABLE_USER_SCRIPT_SANDBOXING = YES;
				GCC_C_LANGUAGE_STANDARD = gnu17;
				GCC_NO_COMMON_BLOCKS = YES;
				GCC_WARN_64_TO_32_BIT_CONVERSION = YES;
				GCC_WARN_ABOUT_RETURN_TYPE = YES_ERROR;
				GCC_WARN_UNDECLARED_SELECTOR = YES;
				GCC_WARN_UNINITIALIZED_AUTOS = YES_AGGRESSIVE;
				GCC_WARN_UNUSED_FUNCTION = YES;
				GCC_WARN_UNUSED_VARIABLE = YES;
				IPHONEOS_DEPLOYMENT_TARGET = 17.0;
				LOCALIZATION_PREFERS_STRING_CATALOGS = YES;
				MTL_ENABLE_DEBUG_INFO = NO;
				MTL_FAST_MATH = YES;
				SDKROOT = iphoneos;
				SWIFT_COMPILATION_MODE = wholemodule;
				VALIDATE_PRODUCT = YES;
			};
			name = Release;
		};
		887FA59C2B500C0E00A58A7D /* Debug */ = {
			isa = XCBuildConfiguration;
			buildSettings = {
				ASSETCATALOG_COMPILER_APPICON_NAME = AppIcon;
				ASSETCATALOG_COMPILER_GLOBAL_ACCENT_COLOR_NAME = AccentColor;
				CODE_SIGN_STYLE = Automatic;
				CURRENT_PROJECT_VERSION = 1;
				GENERATE_INFOPLIST_FILE = YES;
				INFOPLIST_FILE = IamPoor/Info.plist;
				INFOPLIST_KEY_UIApplicationSupportsIndirectInputEvents = YES;
				INFOPLIST_KEY_UILaunchStoryboardName = LaunchScreen;
				INFOPLIST_KEY_UIMainStoryboardFile = Main;
				INFOPLIST_KEY_UISupportedInterfaceOrientations_iPad = "UIInterfaceOrientationPortrait UIInterfaceOrientationPortraitUpsideDown UIInterfaceOrientationLandscapeLeft UIInterfaceOrientationLandscapeRight";
				INFOPLIST_KEY_UISupportedInterfaceOrientations_iPhone = "UIInterfaceOrientationPortrait UIInterfaceOrientationLandscapeLeft UIInterfaceOrientationLandscapeRight";
				LD_RUNPATH_SEARCH_PATHS = (
					"$(inherited)",
					"@executable_path/Frameworks",
				);
				MARKETING_VERSION = 1.0;
				PRODUCT_BUNDLE_IDENTIFIER = com.filip.cecelja.IamPoor;
				PRODUCT_NAME = "$(TARGET_NAME)";
				SWIFT_EMIT_LOC_STRINGS = YES;
				SWIFT_VERSION = 5.0;
				TARGETED_DEVICE_FAMILY = "1,2";
			};
			name = Debug;
		};
		887FA59D2B500C0E00A58A7D /* Release */ = {
			isa = XCBuildConfiguration;
			buildSettings = {
				ASSETCATALOG_COMPILER_APPICON_NAME = AppIcon;
				ASSETCATALOG_COMPILER_GLOBAL_ACCENT_COLOR_NAME = AccentColor;
				CODE_SIGN_STYLE = Automatic;
				CURRENT_PROJECT_VERSION = 1;
				GENERATE_INFOPLIST_FILE = YES;
				INFOPLIST_FILE = IamPoor/Info.plist;
				INFOPLIST_KEY_UIApplicationSupportsIndirectInputEvents = YES;
				INFOPLIST_KEY_UILaunchStoryboardName = LaunchScreen;
				INFOPLIST_KEY_UIMainStoryboardFile = Main;
				INFOPLIST_KEY_UISupportedInterfaceOrientations_iPad = "UIInterfaceOrientationPortrait UIInterfaceOrientationPortraitUpsideDown UIInterfaceOrientationLandscapeLeft UIInterfaceOrientationLandscapeRight";
				INFOPLIST_KEY_UISupportedInterfaceOrientations_iPhone = "UIInterfaceOrientationPortrait UIInterfaceOrientationLandscapeLeft UIInterfaceOrientationLandscapeRight";
				LD_RUNPATH_SEARCH_PATHS = (
					"$(inherited)",
					"@executable_path/Frameworks",
				);
				MARKETING_VERSION = 1.0;
				PRODUCT_BUNDLE_IDENTIFIER = com.filip.cecelja.IamPoor;
				PRODUCT_NAME = "$(TARGET_NAME)";
				SWIFT_EMIT_LOC_STRINGS = YES;
				SWIFT_VERSION = 5.0;
				TARGETED_DEVICE_FAMILY = "1,2";
			};
			name = Release;
		};
		887FA59F2B500C0E00A58A7D /* Debug */ = {
			isa = XCBuildConfiguration;
			buildSettings = {
				ALWAYS_EMBED_SWIFT_STANDARD_LIBRARIES = YES;
				BUNDLE_LOADER = "$(TEST_HOST)";
				CODE_SIGN_STYLE = Automatic;
				CURRENT_PROJECT_VERSION = 1;
				GENERATE_INFOPLIST_FILE = YES;
				IPHONEOS_DEPLOYMENT_TARGET = 17.0;
				MARKETING_VERSION = 1.0;
				PRODUCT_BUNDLE_IDENTIFIER = com.filip.cecelja.IamPoorTests;
				PRODUCT_NAME = "$(TARGET_NAME)";
				SWIFT_EMIT_LOC_STRINGS = NO;
				SWIFT_VERSION = 5.0;
				TARGETED_DEVICE_FAMILY = "1,2";
				TEST_HOST = "$(BUILT_PRODUCTS_DIR)/IamPoor.app/$(BUNDLE_EXECUTABLE_FOLDER_PATH)/IamPoor";
			};
			name = Debug;
		};
		887FA5A02B500C0E00A58A7D /* Release */ = {
			isa = XCBuildConfiguration;
			buildSettings = {
				ALWAYS_EMBED_SWIFT_STANDARD_LIBRARIES = YES;
				BUNDLE_LOADER = "$(TEST_HOST)";
				CODE_SIGN_STYLE = Automatic;
				CURRENT_PROJECT_VERSION = 1;
				GENERATE_INFOPLIST_FILE = YES;
				IPHONEOS_DEPLOYMENT_TARGET = 17.0;
				MARKETING_VERSION = 1.0;
				PRODUCT_BUNDLE_IDENTIFIER = com.filip.cecelja.IamPoorTests;
				PRODUCT_NAME = "$(TARGET_NAME)";
				SWIFT_EMIT_LOC_STRINGS = NO;
				SWIFT_VERSION = 5.0;
				TARGETED_DEVICE_FAMILY = "1,2";
				TEST_HOST = "$(BUILT_PRODUCTS_DIR)/IamPoor.app/$(BUNDLE_EXECUTABLE_FOLDER_PATH)/IamPoor";
			};
			name = Release;
		};
		887FA5A22B500C0E00A58A7D /* Debug */ = {
			isa = XCBuildConfiguration;
			buildSettings = {
				ALWAYS_EMBED_SWIFT_STANDARD_LIBRARIES = YES;
				CODE_SIGN_STYLE = Automatic;
				CURRENT_PROJECT_VERSION = 1;
				GENERATE_INFOPLIST_FILE = YES;
				MARKETING_VERSION = 1.0;
				PRODUCT_BUNDLE_IDENTIFIER = com.filip.cecelja.IamPoorUITests;
				PRODUCT_NAME = "$(TARGET_NAME)";
				SWIFT_EMIT_LOC_STRINGS = NO;
				SWIFT_VERSION = 5.0;
				TARGETED_DEVICE_FAMILY = "1,2";
				TEST_TARGET_NAME = IamPoor;
			};
			name = Debug;
		};
		887FA5A32B500C0E00A58A7D /* Release */ = {
			isa = XCBuildConfiguration;
			buildSettings = {
				ALWAYS_EMBED_SWIFT_STANDARD_LIBRARIES = YES;
				CODE_SIGN_STYLE = Automatic;
				CURRENT_PROJECT_VERSION = 1;
				GENERATE_INFOPLIST_FILE = YES;
				MARKETING_VERSION = 1.0;
				PRODUCT_BUNDLE_IDENTIFIER = com.filip.cecelja.IamPoorUITests;
				PRODUCT_NAME = "$(TARGET_NAME)";
				SWIFT_EMIT_LOC_STRINGS = NO;
				SWIFT_VERSION = 5.0;
				TARGETED_DEVICE_FAMILY = "1,2";
				TEST_TARGET_NAME = IamPoor;
			};
			name = Release;
		};
/* End XCBuildConfiguration section */

/* Begin XCConfigurationList section */
		887FA56C2B500C0A00A58A7D /* Build configuration list for PBXProject "IamPoor" */ = {
			isa = XCConfigurationList;
			buildConfigurations = (
				887FA5992B500C0E00A58A7D /* Debug */,
				887FA59A2B500C0E00A58A7D /* Release */,
			);
			defaultConfigurationIsVisible = 0;
			defaultConfigurationName = Release;
		};
		887FA59B2B500C0E00A58A7D /* Build configuration list for PBXNativeTarget "IamPoor" */ = {
			isa = XCConfigurationList;
			buildConfigurations = (
				887FA59C2B500C0E00A58A7D /* Debug */,
				887FA59D2B500C0E00A58A7D /* Release */,
			);
			defaultConfigurationIsVisible = 0;
			defaultConfigurationName = Release;
		};
		887FA59E2B500C0E00A58A7D /* Build configuration list for PBXNativeTarget "IamPoorTests" */ = {
			isa = XCConfigurationList;
			buildConfigurations = (
				887FA59F2B500C0E00A58A7D /* Debug */,
				887FA5A02B500C0E00A58A7D /* Release */,
			);
			defaultConfigurationIsVisible = 0;
			defaultConfigurationName = Release;
		};
		887FA5A12B500C0E00A58A7D /* Build configuration list for PBXNativeTarget "IamPoorUITests" */ = {
			isa = XCConfigurationList;
			buildConfigurations = (
				887FA5A22B500C0E00A58A7D /* Debug */,
				887FA5A32B500C0E00A58A7D /* Release */,
			);
			defaultConfigurationIsVisible = 0;
			defaultConfigurationName = Release;
		};
/* End XCConfigurationList section */
	};
	rootObject = 887FA5692B500C0A00A58A7D /* Project object */;
}
